{
    "version": 3,
    "terraform_version": "0.11.0",
    "serial": 28,
    "lineage": "88edd258-6e33-4ad1-afce-3970b735ff9a",
    "modules": [
        {
            "path": [
                "root"
            ],
            "outputs": {},
            "resources": {
                "aws_eip.nat": {
                    "type": "aws_eip",
                    "depends_on": [
                        "aws_internet_gateway.main"
                    ],
                    "primary": {
                        "id": "eipalloc-04623f887931ac61a",
                        "attributes": {
                            "association_id": "eipassoc-f812d004",
                            "domain": "vpc",
                            "id": "eipalloc-04623f887931ac61a",
                            "instance": "",
                            "network_interface": "eni-0a4bb368a706835e8",
                            "private_ip": "10.0.0.159",
                            "public_ip": "3.120.99.179",
                            "tags.%": "0",
                            "vpc": "true"
                        },
                        "meta": {
                            "e2bfb730-ecaa-11e6-8f88-34363bc7c4c0": {
                                "delete": 180000000000,
                                "read": 900000000000,
                                "update": 300000000000
                            }
                        },
                        "tainted": false
                    },
                    "deposed": [],
                    "provider": "provider.aws"
                },
                "aws_internet_gateway.main": {
                    "type": "aws_internet_gateway",
                    "depends_on": [
                        "aws_vpc.grouporder_vpc"
                    ],
                    "primary": {
                        "id": "igw-00b9d2175db1117b7",
                        "attributes": {
                            "id": "igw-00b9d2175db1117b7",
                            "tags.%": "0",
                            "vpc_id": "vpc-0c773c0627ebaa027"
                        },
                        "meta": {},
                        "tainted": false
                    },
                    "deposed": [],
                    "provider": "provider.aws"
                },
                "aws_vpc.grouporder_vpc": {
                    "type": "aws_vpc",
                    "depends_on": [],
                    "primary": {
                        "id": "vpc-0c773c0627ebaa027",
                        "attributes": {
                            "arn": "arn:aws:ec2:eu-central-1:846266591173:vpc/vpc-0c773c0627ebaa027",
                            "assign_generated_ipv6_cidr_block": "false",
                            "cidr_block": "10.0.0.0/16",
                            "default_network_acl_id": "acl-0f677024105dfde42",
                            "default_route_table_id": "rtb-0dfea4bb30a3bcb05",
                            "default_security_group_id": "sg-0ff5d2eb9c77b0fa1",
                            "dhcp_options_id": "dopt-0222b86a",
                            "enable_dns_hostnames": "true",
                            "enable_dns_support": "true",
                            "id": "vpc-0c773c0627ebaa027",
                            "instance_tenancy": "default",
                            "main_route_table_id": "rtb-0dfea4bb30a3bcb05",
                            "tags.%": "0"
                        },
                        "meta": {
                            "schema_version": "1"
                        },
                        "tainted": false
                    },
                    "deposed": [],
                    "provider": "provider.aws"
                }
            },
            "depends_on": []
        }
    ]
}
